
Microsoft Visual Studio Solution File, Format Version 12.00
# Visual Studio Version 16
VisualStudioVersion = 16.0.31105.61
MinimumVisualStudioVersion = 10.0.40219.1
Project("{FAE04EC0-301F-11D3-BF4B-00C04F79EFBC}") = "class-1", "class-1\class-1.csproj", "{B0CC6103-F44A-44A5-9322-2987E8A53D1A}"
EndProject
Project("{FAE04EC0-301F-11D3-BF4B-00C04F79EFBC}") = "class-2", "class-2\class-2.csproj", "{669FADBA-1698-4EAE-9215-290622E8F4DA}"
EndProject
Project("{FAE04EC0-301F-11D3-BF4B-00C04F79EFBC}") = "class-3", "class-3\class-3.csproj", "{2E069A70-664C-460A-99B4-664DAE708D5F}"
EndProject
Global
	GlobalSection(SolutionConfigurationPlatforms) = preSolution
		Debug|Any CPU = Debug|Any CPU
		Release|Any CPU = Release|Any CPU
	EndGlobalSection
	GlobalSection(ProjectConfigurationPlatforms) = postSolution
		{B0CC6103-F44A-44A5-9322-2987E8A53D1A}.Debug|Any CPU.ActiveCfg = Debug|Any CPU
		{B0CC6103-F44A-44A5-9322-2987E8A53D1A}.Debug|Any CPU.Build.0 = Debug|Any CPU
		{B0CC6103-F44A-44A5-9322-2987E8A53D1A}.Release|Any CPU.ActiveCfg = Release|Any CPU
		{B0CC6103-F44A-44A5-9322-2987E8A53D1A}.Release|Any CPU.Build.0 = Release|Any CPU
		{669FADBA-1698-4EAE-9215-290622E8F4DA}.Debug|Any CPU.ActiveCfg = Debug|Any CPU
		{669FADBA-1698-4EAE-9215-290622E8F4DA}.Debug|Any CPU.Build.0 = Debug|Any CPU
		{669FADBA-1698-4EAE-9215-290622E8F4DA}.Release|Any CPU.ActiveCfg = Release|Any CPU
		{669FADBA-1698-4EAE-9215-290622E8F4DA}.Release|Any CPU.Build.0 = Release|Any CPU
		{2E069A70-664C-460A-99B4-664DAE708D5F}.Debug|Any CPU.ActiveCfg = Debug|Any CPU
		{2E069A70-664C-460A-99B4-664DAE708D5F}.Debug|Any CPU.Build.0 = Debug|Any CPU
		{2E069A70-664C-460A-99B4-664DAE708D5F}.Release|Any CPU.ActiveCfg = Release|Any CPU
		{2E069A70-664C-460A-99B4-664DAE708D5F}.Release|Any CPU.Build.0 = Release|Any CPU
	EndGlobalSection
	GlobalSection(SolutionProperties) = preSolution
		HideSolutionNode = FALSE
	EndGlobalSection
	GlobalSection(ExtensibilityGlobals) = postSolution
		SolutionGuid = {822FCDDC-552F-4239-835A-4C30AF5A686D}
	EndGlobalSection
EndGlobal
