
Microsoft Visual Studio Solution File, Format Version 12.00
# Visual Studio Version 16
VisualStudioVersion = 16.0.31105.61
MinimumVisualStudioVersion = 10.0.40219.1
Project("{FAE04EC0-301F-11D3-BF4B-00C04F79EFBC}") = "Sixth_practice-1", "Sixth_practice-1\Sixth_practice-1.csproj", "{330C0243-85CD-4A56-B37C-C437F9FF1460}"
EndProject
Global
	GlobalSection(SolutionConfigurationPlatforms) = preSolution
		Debug|Any CPU = Debug|Any CPU
		Release|Any CPU = Release|Any CPU
	EndGlobalSection
	GlobalSection(ProjectConfigurationPlatforms) = postSolution
		{330C0243-85CD-4A56-B37C-C437F9FF1460}.Debug|Any CPU.ActiveCfg = Debug|Any CPU
		{330C0243-85CD-4A56-B37C-C437F9FF1460}.Debug|Any CPU.Build.0 = Debug|Any CPU
		{330C0243-85CD-4A56-B37C-C437F9FF1460}.Release|Any CPU.ActiveCfg = Release|Any CPU
		{330C0243-85CD-4A56-B37C-C437F9FF1460}.Release|Any CPU.Build.0 = Release|Any CPU
	EndGlobalSection
	GlobalSection(SolutionProperties) = preSolution
		HideSolutionNode = FALSE
	EndGlobalSection
	GlobalSection(ExtensibilityGlobals) = postSolution
		SolutionGuid = {3B6EF8E5-0C00-42F6-AB3F-56F05F1C3868}
	EndGlobalSection
EndGlobal
