
Microsoft Visual Studio Solution File, Format Version 12.00
# Visual Studio Version 16
VisualStudioVersion = 16.0.31205.134
MinimumVisualStudioVersion = 10.0.40219.1
Project("{FAE04EC0-301F-11D3-BF4B-00C04F79EFBC}") = "FormView", "FormView\FormView.csproj", "{F125EE2A-E01B-4EF7-A4E9-A2A222BFFE41}"
EndProject
Project("{FAE04EC0-301F-11D3-BF4B-00C04F79EFBC}") = "A_TrayIcon", "A_TrayIcon\A_TrayIcon.csproj", "{EFA0667A-39DF-4C20-867B-400375E5984C}"
EndProject
Global
	GlobalSection(SolutionConfigurationPlatforms) = preSolution
		Debug|Any CPU = Debug|Any CPU
		Release|Any CPU = Release|Any CPU
	EndGlobalSection
	GlobalSection(ProjectConfigurationPlatforms) = postSolution
		{F125EE2A-E01B-4EF7-A4E9-A2A222BFFE41}.Debug|Any CPU.ActiveCfg = Debug|Any CPU
		{F125EE2A-E01B-4EF7-A4E9-A2A222BFFE41}.Debug|Any CPU.Build.0 = Debug|Any CPU
		{F125EE2A-E01B-4EF7-A4E9-A2A222BFFE41}.Release|Any CPU.ActiveCfg = Release|Any CPU
		{F125EE2A-E01B-4EF7-A4E9-A2A222BFFE41}.Release|Any CPU.Build.0 = Release|Any CPU
		{EFA0667A-39DF-4C20-867B-400375E5984C}.Debug|Any CPU.ActiveCfg = Debug|Any CPU
		{EFA0667A-39DF-4C20-867B-400375E5984C}.Debug|Any CPU.Build.0 = Debug|Any CPU
		{EFA0667A-39DF-4C20-867B-400375E5984C}.Release|Any CPU.ActiveCfg = Release|Any CPU
		{EFA0667A-39DF-4C20-867B-400375E5984C}.Release|Any CPU.Build.0 = Release|Any CPU
	EndGlobalSection
	GlobalSection(SolutionProperties) = preSolution
		HideSolutionNode = FALSE
	EndGlobalSection
	GlobalSection(ExtensibilityGlobals) = postSolution
		SolutionGuid = {C6B7FA04-4CC3-4B2C-BB57-8EAAD8D1629E}
	EndGlobalSection
EndGlobal
